
Microsoft Visual Studio Solution File, Format Version 11.00
# Visual Studio 2010
Project("{FAE04EC0-301F-11D3-BF4B-00C04F79EFBC}") = "Assembly-CSharp", "Assembly-CSharp.csproj", "{2593BAF4-0F6D-2A36-AA3D-5BF2B12D0983}"
EndProject
Project("{FAE04EC0-301F-11D3-BF4B-00C04F79EFBC}") = "Assembly-CSharp-Editor", "Assembly-CSharp-Editor.csproj", "{3280E0BF-AE53-CEEC-0993-8C841150E2CB}"
EndProject
Global
	GlobalSection(SolutionConfigurationPlatforms) = preSolution
		Debug|Any CPU = Debug|Any CPU
		Release|Any CPU = Release|Any CPU
	EndGlobalSection
	GlobalSection(ProjectConfigurationPlatforms) = postSolution
		{2593BAF4-0F6D-2A36-AA3D-5BF2B12D0983}.Debug|Any CPU.ActiveCfg = Debug|Any CPU
		{2593BAF4-0F6D-2A36-AA3D-5BF2B12D0983}.Debug|Any CPU.Build.0 = Debug|Any CPU
		{2593BAF4-0F6D-2A36-AA3D-5BF2B12D0983}.Release|Any CPU.ActiveCfg = Release|Any CPU
		{2593BAF4-0F6D-2A36-AA3D-5BF2B12D0983}.Release|Any CPU.Build.0 = Release|Any CPU
		{3280E0BF-AE53-CEEC-0993-8C841150E2CB}.Debug|Any CPU.ActiveCfg = Debug|Any CPU
		{3280E0BF-AE53-CEEC-0993-8C841150E2CB}.Debug|Any CPU.Build.0 = Debug|Any CPU
		{3280E0BF-AE53-CEEC-0993-8C841150E2CB}.Release|Any CPU.ActiveCfg = Release|Any CPU
		{3280E0BF-AE53-CEEC-0993-8C841150E2CB}.Release|Any CPU.Build.0 = Release|Any CPU
	EndGlobalSection
	GlobalSection(SolutionProperties) = preSolution
		HideSolutionNode = FALSE
	EndGlobalSection
	GlobalSection(MonoDevelopProperties) = preSolution
		StartupItem = Assembly-CSharp.csproj
	EndGlobalSection
EndGlobal
